	<Project xmlns="http://schemas.microsoft.com/developer/msbuild/2003">
		<PropertyGroup>
			<ProjectGuid>{8B735605-DC55-491C-9C13-C871E326E254}</ProjectGuid>
			<ProjectVersion>14.6</ProjectVersion>
			<MainSource>DUnitXVCLGUI_XE.dpr</MainSource>
			<Config Condition="'$(Config)'==''">Debug</Config>
			<DCC_DCCCompiler>DCC32</DCC_DCCCompiler>
			<FrameworkType>VCL</FrameworkType>
			<Base>True</Base>
			<Platform Condition="'$(Platform)'==''">Debug</Platform>
			<AppType>Application</AppType>
			<Platform>Win32</Platform>
		</PropertyGroup>
		<PropertyGroup Condition="'$(Config)'=='Base' or '$(Base)'!=''">
			<Base>true</Base>
		</PropertyGroup>
		<PropertyGroup Condition="'$(Config)'=='Release' or '$(Cfg_1)'!=''">
			<Cfg_1>true</Cfg_1>
			<CfgParent>Base</CfgParent>
			<Base>true</Base>
		</PropertyGroup>
		<PropertyGroup Condition="'$(Config)'=='Debug' or '$(Cfg_2)'!=''">
			<Cfg_2>true</Cfg_2>
			<CfgParent>Base</CfgParent>
			<Base>true</Base>
		</PropertyGroup>
		<PropertyGroup Condition="'$(Base)'!=''">
			<DCC_Define>DUNITXDEBUG;$(DCC_Define)</DCC_Define>
			<DCC_GARBAGE>error</DCC_GARBAGE>
			<DCC_NO_RETVAL>error</DCC_NO_RETVAL>
			<DCC_CONSTRUCTING_ABSTRACT>error</DCC_CONSTRUCTING_ABSTRACT>
			<DCC_USE_BEFORE_DEF>error</DCC_USE_BEFORE_DEF>
			<DCC_UnitSearchPath>..\;$(DCC_UnitSearchPath)</DCC_UnitSearchPath>
			<Manifest_File>None</Manifest_File>
			<DCC_Namespace>System;Xml;Data;Datasnap;Web;Soap;$(DCC_Namespace)</DCC_Namespace>
			<VerInfo_Keys>CompanyName=;FileDescription=;FileVersion=1.0.0.0;InternalName=;LegalCopyright=;LegalTrademarks=;OriginalFilename=;ProductName=;ProductVersion=1.0.0.0;Comments=</VerInfo_Keys>
			<VerInfo_Locale>3081</VerInfo_Locale>
			<DCC_DependencyCheckOutputName>DUnitXExamples_XE.exe</DCC_DependencyCheckOutputName>
			<DCC_ImageBase>00400000</DCC_ImageBase>
			<DCC_Platform>x86</DCC_Platform>
		</PropertyGroup>
		<PropertyGroup Condition="'$(Cfg_1)'!=''">
			<DCC_LocalDebugSymbols>false</DCC_LocalDebugSymbols>
			<DCC_Define>RELEASE;$(DCC_Define)</DCC_Define>
			<DCC_SymbolReferenceInfo>0</DCC_SymbolReferenceInfo>
			<DCC_DebugInformation>false</DCC_DebugInformation>
		</PropertyGroup>
		<PropertyGroup Condition="'$(Cfg_2)'!=''">
			<DCC_DebugDCUs>true</DCC_DebugDCUs>
			<DCC_DebugInfoInExe>true</DCC_DebugInfoInExe>
			<DCC_Optimize>false</DCC_Optimize>
			<DCC_GenerateStackFrames>true</DCC_GenerateStackFrames>
		</PropertyGroup>
		<ItemGroup>
			<DelphiCompile Include="DUnitXVCLGUI_XE.dpr">
				<MainSource>MainSource</MainSource>
			</DelphiCompile>
			<DCCReference Include="DUnitX.Examples.General.pas"/>
			<DCCReference Include="..\DUnitX.Loggers.Text.pas"/>
			<DCCReference Include="..\DUnitX.Loggers.XML.NUnit.pas"/>
			<DCCReference Include="..\DUnitX.Loggers.XML.xUnit.pas"/>
			<DCCReference Include="..\DUnitX.MacOS.Console.pas"/>
			<DCCReference Include="..\DUnitX.Test.pas"/>
			<DCCReference Include="..\DUnitX.TestFixture.pas"/>
			<DCCReference Include="..\DUnitX.TestFramework.pas"/>
			<DCCReference Include="..\DUnitX.TestResult.pas"/>
			<DCCReference Include="..\DUnitX.RunResults.pas"/>
			<DCCReference Include="..\DUnitX.TestRunner.pas"/>
			<DCCReference Include="..\DUnitX.Utils.pas"/>
			<DCCReference Include="..\DUnitX.Utils.XML.pas"/>
			<DCCReference Include="..\DUnitX.WeakReference.pas"/>
			<DCCReference Include="..\DUnitX.Windows.Console.pas"/>
			<DCCReference Include="..\DUnitX.StackTrace.EurekaLog7.pas"/>
			<DCCReference Include="NonNamespacedExample.pas"/>
			<DCCReference Include="DUnitX.Examples.EqualityAsserts.pas"/>
			<DCCReference Include="..\DUnitX.Loggers.Null.pas"/>
			<DCCReference Include="..\DUnitX.MemoryLeakMonitor.Default.pas"/>
			<DCCReference Include="..\DUnitX.AutoDetect.Console.pas"/>
			<DCCReference Include="..\DUnitX.ConsoleWriter.Base.pas"/>
			<DCCReference Include="..\DUnitX.DUnitCompatibility.pas"/>
			<DCCReference Include="..\DUnitX.Extensibility.pas"/>
			<DCCReference Include="..\DUnitX.Extensibility.PluginManager.pas"/>
			<DCCReference Include="..\DUnitX.FixtureProviderPlugin.pas"/>
			<DCCReference Include="..\DUnitX.FixtureResult.pas"/>
			<DCCReference Include="..\DUnitX.Generics.pas"/>
			<DCCReference Include="..\DUnitX.InternalInterfaces.pas"/>
			<DCCReference Include="..\DUnitX.IoC.pas"/>
			<DCCReference Include="..\DUnitX.Loggers.Console.pas"/>
			<DCCReference Include="..\DUnitX.CommandLine.OptionDef.pas"/>
			<DCCReference Include="..\DUnitX.CommandLine.Options.pas"/>
			<DCCReference Include="..\DUnitX.CommandLine.Parser.pas"/>
			<DCCReference Include="..\DUnitX.OptionsDefinition.pas"/>
			<DCCReference Include="..\DUnitX.Banner.pas"/>
			<DCCReference Include="..\DUnitX.FilterBuilder.pas"/>
			<DCCReference Include="..\DUnitX.Filters.pas"/>
			<DCCReference Include="..\DUnitX.CategoryExpression.pas"/>
			<DCCReference Include="..\DUnitX.TestNameParser.pas"/>
			<DCCReference Include="..\DUnitX.Loggers.GUI.VCL.pas">
				<Form>GUIVCLTestRunner</Form>
			</DCCReference>
			<DCCReference Include="DUnitX.Examples.AssertFailureCompare.pas"/>
			<DCCReference Include="..\DUnitX.Timeout.pas"/>
			<DCCReference Include="..\DUnitX.Exceptions.pas"/>
			<DCCReference Include="..\DUnitX.ResStrs.pas"/>
			<DCCReference Include="DUnitX.Examples.UITest.pas">
				<Form>frmUITest</Form>
			</DCCReference>
			<DCCReference Include="..\DUnitX.Loggers.GUI.VCL.RichEdit.pas"/>
			<DCCReference Include="..\DUnitX.ComparableFormat.pas"/>
			<DCCReference Include="..\DUnitX.ComparableFormat.Xml.pas"/>
			<DCCReference Include="..\DUnitX.ComparableFormat.Csv.pas"/>
			<DCCReference Include="..\DUnitX.Assert.pas"/>
			<DCCReference Include="..\DUnitX.Assert.Ex.pas"/>
			<BuildConfiguration Include="Debug">
				<Key>Cfg_2</Key>
				<CfgParent>Base</CfgParent>
			</BuildConfiguration>
			<BuildConfiguration Include="Base">
				<Key>Base</Key>
			</BuildConfiguration>
			<BuildConfiguration Include="Release">
				<Key>Cfg_1</Key>
				<CfgParent>Base</CfgParent>
			</BuildConfiguration>
		</ItemGroup>
		<Import Condition="Exists('$(BDS)\Bin\CodeGear.Delphi.Targets')" Project="$(BDS)\Bin\CodeGear.Delphi.Targets"/>
		<Import Condition="Exists('$(APPDATA)\Embarcadero\$(BDSAPPDATABASEDIR)\$(PRODUCTVERSION)\UserTools.proj')" Project="$(APPDATA)\Embarcadero\$(BDSAPPDATABASEDIR)\$(PRODUCTVERSION)\UserTools.proj"/>
		<ProjectExtensions>
			<Borland.Personality>Delphi.Personality.12</Borland.Personality>
			<Borland.ProjectType/>
			<BorlandProject>
				<Delphi.Personality>
					<Source>
						<Source Name="MainSource">DUnitXVCLGUI_XE.dpr</Source>
					</Source>
					<Parameters/>
					<VersionInfo>
						<VersionInfo Name="IncludeVerInfo">False</VersionInfo>
						<VersionInfo Name="AutoIncBuild">False</VersionInfo>
						<VersionInfo Name="MajorVer">1</VersionInfo>
						<VersionInfo Name="MinorVer">0</VersionInfo>
						<VersionInfo Name="Release">0</VersionInfo>
						<VersionInfo Name="Build">0</VersionInfo>
						<VersionInfo Name="Debug">False</VersionInfo>
						<VersionInfo Name="PreRelease">False</VersionInfo>
						<VersionInfo Name="Special">False</VersionInfo>
						<VersionInfo Name="Private">False</VersionInfo>
						<VersionInfo Name="DLL">False</VersionInfo>
						<VersionInfo Name="Locale">3081</VersionInfo>
						<VersionInfo Name="CodePage">1252</VersionInfo>
					</VersionInfo>
					<VersionInfoKeys>
						<VersionInfoKeys Name="CompanyName"/>
						<VersionInfoKeys Name="FileDescription"/>
						<VersionInfoKeys Name="FileVersion">1.0.0.0</VersionInfoKeys>
						<VersionInfoKeys Name="InternalName"/>
						<VersionInfoKeys Name="LegalCopyright"/>
						<VersionInfoKeys Name="LegalTrademarks"/>
						<VersionInfoKeys Name="OriginalFilename"/>
						<VersionInfoKeys Name="ProductName"/>
						<VersionInfoKeys Name="ProductVersion">1.0.0.0</VersionInfoKeys>
						<VersionInfoKeys Name="Comments"/>
					</VersionInfoKeys>
					<Excluded_Packages/>
				</Delphi.Personality>
				<Platforms>
					<Platform value="Win32">True</Platform>
				</Platforms>
			</BorlandProject>
			<ProjectFileVersion>12</ProjectFileVersion>
		</ProjectExtensions>
	</Project>
